// !$*UTF8*$!
{
	archiveVersion = 1;
	classes = {
	};
	objectVersion = 46;
	objects = {

/* Begin PBXBuildFile section */
		57BDD51FA85FB0C48C015A78 /* libPods-FaceRecognition.a in Frameworks */ = {isa = PBXBuildFile; fileRef = 1794D07794449E8F09A86DD5 /* libPods-FaceRecognition.a */; };
		BB039A051CF9C8B3008C9BAF /* CameraViewController.mm in Sources */ = {isa = PBXBuildFile; fileRef = BB039A041CF9C8B3008C9BAF /* CameraViewController.mm */; };
		BB0B5ED71CF9137700F13EE7 /* PCAViewController.mm in Sources */ = {isa = PBXBuildFile; fileRef = BB0B5ED61CF9137700F13EE7 /* PCAViewController.mm */; };
		BB0BCA991D0C1D2600970502 /* ContactsViewController.m in Sources */ = {isa = PBXBuildFile; fileRef = BB0BCA981D0C1D2600970502 /* ContactsViewController.m */; };
		BB0BCA9D1D0C1E1700970502 /* ContactCollectionViewCell.m in Sources */ = {isa = PBXBuildFile; fileRef = BB0BCA9B1D0C1E1700970502 /* ContactCollectionViewCell.m */; };
		BB0BCA9E1D0C1E1700970502 /* ContactCollectionViewCell.xib in Resources */ = {isa = PBXBuildFile; fileRef = BB0BCA9C1D0C1E1700970502 /* ContactCollectionViewCell.xib */; };
		BB0BCAA11D0C1ECE00970502 /* Contacts.framework in Frameworks */ = {isa = PBXBuildFile; fileRef = BB0BCA9F1D0C1ECE00970502 /* Contacts.framework */; };
		BB0BCAA21D0C1ECE00970502 /* ContactsUI.framework in Frameworks */ = {isa = PBXBuildFile; fileRef = BB0BCAA01D0C1ECE00970502 /* ContactsUI.framework */; };
		BB0BCAA51D0C1F9700970502 /* ContactModel.m in Sources */ = {isa = PBXBuildFile; fileRef = BB0BCAA41D0C1F9700970502 /* ContactModel.m */; };
		BB0BCAA81D0C2D8A00970502 /* ContactManager.m in Sources */ = {isa = PBXBuildFile; fileRef = BB0BCAA71D0C2D8A00970502 /* ContactManager.m */; };
		BB0BCAAB1D0D545200970502 /* ProcessingRecognitionTableViewController.mm in Sources */ = {isa = PBXBuildFile; fileRef = BB0BCAAA1D0D545200970502 /* ProcessingRecognitionTableViewController.mm */; };
		BB0BCAAE1D0D5CCC00970502 /* SelectContactViewController.m in Sources */ = {isa = PBXBuildFile; fileRef = BB0BCAAD1D0D5CCC00970502 /* SelectContactViewController.m */; };
		BB0BCAB11D0D60B600970502 /* FaceContact.m in Sources */ = {isa = PBXBuildFile; fileRef = BB0BCAB01D0D60B600970502 /* FaceContact.m */; };
		BB0ED37D1D002A2200CE4651 /* OrientationDevice.mm in Sources */ = {isa = PBXBuildFile; fileRef = BB0ED37C1D002A2200CE4651 /* OrientationDevice.mm */; };
		BB0ED3801D002BFE00CE4651 /* DetectFace.m in Sources */ = {isa = PBXBuildFile; fileRef = BB0ED37F1D002BFE00CE4651 /* DetectFace.m */; };
		BB0ED3831D0037FA00CE4651 /* GradientView.m in Sources */ = {isa = PBXBuildFile; fileRef = BB0ED3821D0037FA00CE4651 /* GradientView.m */; };
		BB15200E1CFC281E0028C5CB /* Face.mm in Sources */ = {isa = PBXBuildFile; fileRef = BB15200D1CFC281E0028C5CB /* Face.mm */; };
		BB1520111CFC2ACF0028C5CB /* FaceDetector.mm in Sources */ = {isa = PBXBuildFile; fileRef = BB1520101CFC2ACF0028C5CB /* FaceDetector.mm */; };
		BB1520141CFC3DF10028C5CB /* FaceRecognition.mm in Sources */ = {isa = PBXBuildFile; fileRef = BB1520131CFC3DF10028C5CB /* FaceRecognition.mm */; };
		BB1520181CFD1FDC0028C5CB /* FaceCollectionViewCell.mm in Sources */ = {isa = PBXBuildFile; fileRef = BB1520161CFD1FDC0028C5CB /* FaceCollectionViewCell.mm */; };
		BB1520191CFD1FDC0028C5CB /* FaceCollectionViewCell.xib in Resources */ = {isa = PBXBuildFile; fileRef = BB1520171CFD1FDC0028C5CB /* FaceCollectionViewCell.xib */; };
		BB1815EF1D0E9A2E00579575 /* SettingsTableViewController.m in Sources */ = {isa = PBXBuildFile; fileRef = BB1815EE1D0E9A2E00579575 /* SettingsTableViewController.m */; };
		BB2193A81D0A9EE000F88C64 /* TargetScanView.m in Sources */ = {isa = PBXBuildFile; fileRef = BB2193A71D0A9EE000F88C64 /* TargetScanView.m */; };
		BB2193AA1D0A9EED00F88C64 /* TargetScanView.xib in Resources */ = {isa = PBXBuildFile; fileRef = BB2193A91D0A9EED00F88C64 /* TargetScanView.xib */; };
		BB2193B01D0AA9CD00F88C64 /* CreateNewContactTableViewController.m in Sources */ = {isa = PBXBuildFile; fileRef = BB2193AF1D0AA9CD00F88C64 /* CreateNewContactTableViewController.m */; };
		BB288B6E1CFAA65000784037 /* OpenCVImageProcessing.mm in Sources */ = {isa = PBXBuildFile; fileRef = BB288B6D1CFAA65000784037 /* OpenCVImageProcessing.mm */; };
		BB288B711CFACD9F00784037 /* ImageProcessing.mm in Sources */ = {isa = PBXBuildFile; fileRef = BB288B701CFACD9F00784037 /* ImageProcessing.mm */; };
		BB2AD3EE1D0D7A69000BC32A /* UIImage+Resize.m in Sources */ = {isa = PBXBuildFile; fileRef = BB2AD3ED1D0D7A69000BC32A /* UIImage+Resize.m */; };
		BB2AD3F11D0D8B47000BC32A /* RecognitionResult.m in Sources */ = {isa = PBXBuildFile; fileRef = BB2AD3F01D0D8B47000BC32A /* RecognitionResult.m */; };
		BB722D481CAFF36400701F03 /* haarcascade_frontalface_alt2.xml in Resources */ = {isa = PBXBuildFile; fileRef = BB722D471CAFF36400701F03 /* haarcascade_frontalface_alt2.xml */; };
		BB722D581CB14ED500701F03 /* VideoFaceDetector.cpp in Sources */ = {isa = PBXBuildFile; fileRef = BB722D561CB14ED500701F03 /* VideoFaceDetector.cpp */; };
		BBA10E981CAA0D1300B74283 /* main.m in Sources */ = {isa = PBXBuildFile; fileRef = BBA10E971CAA0D1300B74283 /* main.m */; };
		BBA10E9B1CAA0D1300B74283 /* AppDelegate.m in Sources */ = {isa = PBXBuildFile; fileRef = BBA10E9A1CAA0D1300B74283 /* AppDelegate.m */; };
		BBA10EA11CAA0D1300B74283 /* Main.storyboard in Resources */ = {isa = PBXBuildFile; fileRef = BBA10E9F1CAA0D1300B74283 /* Main.storyboard */; };
		BBA10EA31CAA0D1300B74283 /* Assets.xcassets in Resources */ = {isa = PBXBuildFile; fileRef = BBA10EA21CAA0D1300B74283 /* Assets.xcassets */; };
		BBA10EA61CAA0D1300B74283 /* LaunchScreen.storyboard in Resources */ = {isa = PBXBuildFile; fileRef = BBA10EA41CAA0D1300B74283 /* LaunchScreen.storyboard */; };
		BBD3CFC81D055AC300C234F2 /* DetailDetectionFaceViewController.mm in Sources */ = {isa = PBXBuildFile; fileRef = BBD3CFC71D055AC300C234F2 /* DetailDetectionFaceViewController.mm */; };
		BBD3CFCB1D05673400C234F2 /* Contact.m in Sources */ = {isa = PBXBuildFile; fileRef = BBD3CFCA1D05673400C234F2 /* Contact.m */; };
/* End PBXBuildFile section */

/* Begin PBXFileReference section */
		1794D07794449E8F09A86DD5 /* libPods-FaceRecognition.a */ = {isa = PBXFileReference; explicitFileType = archive.ar; includeInIndex = 0; path = "libPods-FaceRecognition.a"; sourceTree = BUILT_PRODUCTS_DIR; };
		612E8B49CB04E666E58DA26D /* Pods-FaceRecognition.debug.xcconfig */ = {isa = PBXFileReference; includeInIndex = 1; lastKnownFileType = text.xcconfig; name = "Pods-FaceRecognition.debug.xcconfig"; path = "Pods/Target Support Files/Pods-FaceRecognition/Pods-FaceRecognition.debug.xcconfig"; sourceTree = "<group>"; };
		BB039A031CF9C8B3008C9BAF /* CameraViewController.h */ = {isa = PBXFileReference; fileEncoding = 4; lastKnownFileType = sourcecode.c.h; path = CameraViewController.h; sourceTree = "<group>"; };
		BB039A041CF9C8B3008C9BAF /* CameraViewController.mm */ = {isa = PBXFileReference; fileEncoding = 4; lastKnownFileType = sourcecode.cpp.objcpp; path = CameraViewController.mm; sourceTree = "<group>"; };
		BB0B5ED51CF9137700F13EE7 /* PCAViewController.h */ = {isa = PBXFileReference; fileEncoding = 4; lastKnownFileType = sourcecode.c.h; path = PCAViewController.h; sourceTree = "<group>"; };
		BB0B5ED61CF9137700F13EE7 /* PCAViewController.mm */ = {isa = PBXFileReference; fileEncoding = 4; lastKnownFileType = sourcecode.cpp.objcpp; path = PCAViewController.mm; sourceTree = "<group>"; };
		BB0BCA971D0C1D2600970502 /* ContactsViewController.h */ = {isa = PBXFileReference; fileEncoding = 4; lastKnownFileType = sourcecode.c.h; path = ContactsViewController.h; sourceTree = "<group>"; };
		BB0BCA981D0C1D2600970502 /* ContactsViewController.m */ = {isa = PBXFileReference; fileEncoding = 4; lastKnownFileType = sourcecode.c.objc; path = ContactsViewController.m; sourceTree = "<group>"; };
		BB0BCA9A1D0C1E1700970502 /* ContactCollectionViewCell.h */ = {isa = PBXFileReference; fileEncoding = 4; lastKnownFileType = sourcecode.c.h; path = ContactCollectionViewCell.h; sourceTree = "<group>"; };
		BB0BCA9B1D0C1E1700970502 /* ContactCollectionViewCell.m */ = {isa = PBXFileReference; fileEncoding = 4; lastKnownFileType = sourcecode.c.objc; path = ContactCollectionViewCell.m; sourceTree = "<group>"; };
		BB0BCA9C1D0C1E1700970502 /* ContactCollectionViewCell.xib */ = {isa = PBXFileReference; fileEncoding = 4; lastKnownFileType = file.xib; path = ContactCollectionViewCell.xib; sourceTree = "<group>"; };
		BB0BCA9F1D0C1ECE00970502 /* Contacts.framework */ = {isa = PBXFileReference; lastKnownFileType = wrapper.framework; name = Contacts.framework; path = System/Library/Frameworks/Contacts.framework; sourceTree = SDKROOT; };
		BB0BCAA01D0C1ECE00970502 /* ContactsUI.framework */ = {isa = PBXFileReference; lastKnownFileType = wrapper.framework; name = ContactsUI.framework; path = System/Library/Frameworks/ContactsUI.framework; sourceTree = SDKROOT; };
		BB0BCAA31D0C1F9700970502 /* ContactModel.h */ = {isa = PBXFileReference; fileEncoding = 4; lastKnownFileType = sourcecode.c.h; path = ContactModel.h; sourceTree = "<group>"; };
		BB0BCAA41D0C1F9700970502 /* ContactModel.m */ = {isa = PBXFileReference; fileEncoding = 4; lastKnownFileType = sourcecode.c.objc; path = ContactModel.m; sourceTree = "<group>"; };
		BB0BCAA61D0C2D8A00970502 /* ContactManager.h */ = {isa = PBXFileReference; fileEncoding = 4; lastKnownFileType = sourcecode.c.h; path = ContactManager.h; sourceTree = "<group>"; };
		BB0BCAA71D0C2D8A00970502 /* ContactManager.m */ = {isa = PBXFileReference; fileEncoding = 4; lastKnownFileType = sourcecode.c.objc; path = ContactManager.m; sourceTree = "<group>"; };
		BB0BCAA91D0D545200970502 /* ProcessingRecognitionTableViewController.h */ = {isa = PBXFileReference; fileEncoding = 4; lastKnownFileType = sourcecode.c.h; path = ProcessingRecognitionTableViewController.h; sourceTree = "<group>"; };
		BB0BCAAA1D0D545200970502 /* ProcessingRecognitionTableViewController.mm */ = {isa = PBXFileReference; fileEncoding = 4; lastKnownFileType = sourcecode.cpp.objcpp; path = ProcessingRecognitionTableViewController.mm; sourceTree = "<group>"; };
		BB0BCAAC1D0D5CCC00970502 /* SelectContactViewController.h */ = {isa = PBXFileReference; fileEncoding = 4; lastKnownFileType = sourcecode.c.h; path = SelectContactViewController.h; sourceTree = "<group>"; };
		BB0BCAAD1D0D5CCC00970502 /* SelectContactViewController.m */ = {isa = PBXFileReference; fileEncoding = 4; lastKnownFileType = sourcecode.c.objc; path = SelectContactViewController.m; sourceTree = "<group>"; };
		BB0BCAAF1D0D60B600970502 /* FaceContact.h */ = {isa = PBXFileReference; fileEncoding = 4; lastKnownFileType = sourcecode.c.h; path = FaceContact.h; sourceTree = "<group>"; };
		BB0BCAB01D0D60B600970502 /* FaceContact.m */ = {isa = PBXFileReference; fileEncoding = 4; lastKnownFileType = sourcecode.c.objc; path = FaceContact.m; sourceTree = "<group>"; };
		BB0ED37B1D002A2200CE4651 /* OrientationDevice.h */ = {isa = PBXFileReference; fileEncoding = 4; lastKnownFileType = sourcecode.c.h; path = OrientationDevice.h; sourceTree = "<group>"; };
		BB0ED37C1D002A2200CE4651 /* OrientationDevice.mm */ = {isa = PBXFileReference; fileEncoding = 4; lastKnownFileType = sourcecode.cpp.objcpp; path = OrientationDevice.mm; sourceTree = "<group>"; };
		BB0ED37E1D002BFE00CE4651 /* DetectFace.h */ = {isa = PBXFileReference; fileEncoding = 4; lastKnownFileType = sourcecode.c.h; path = DetectFace.h; sourceTree = "<group>"; };
		BB0ED37F1D002BFE00CE4651 /* DetectFace.m */ = {isa = PBXFileReference; fileEncoding = 4; lastKnownFileType = sourcecode.c.objc; path = DetectFace.m; sourceTree = "<group>"; };
		BB0ED3811D0037FA00CE4651 /* GradientView.h */ = {isa = PBXFileReference; fileEncoding = 4; lastKnownFileType = sourcecode.c.h; path = GradientView.h; sourceTree = "<group>"; };
		BB0ED3821D0037FA00CE4651 /* GradientView.m */ = {isa = PBXFileReference; fileEncoding = 4; lastKnownFileType = sourcecode.c.objc; path = GradientView.m; sourceTree = "<group>"; };
		BB15200C1CFC281E0028C5CB /* Face.h */ = {isa = PBXFileReference; fileEncoding = 4; lastKnownFileType = sourcecode.c.h; path = Face.h; sourceTree = "<group>"; };
		BB15200D1CFC281E0028C5CB /* Face.mm */ = {isa = PBXFileReference; fileEncoding = 4; lastKnownFileType = sourcecode.cpp.objcpp; path = Face.mm; sourceTree = "<group>"; };
		BB15200F1CFC2ACF0028C5CB /* FaceDetector.h */ = {isa = PBXFileReference; fileEncoding = 4; lastKnownFileType = sourcecode.c.h; path = FaceDetector.h; sourceTree = "<group>"; };
		BB1520101CFC2ACF0028C5CB /* FaceDetector.mm */ = {isa = PBXFileReference; fileEncoding = 4; lastKnownFileType = sourcecode.cpp.objcpp; path = FaceDetector.mm; sourceTree = "<group>"; };
		BB1520121CFC3DF10028C5CB /* FaceRecognition.h */ = {isa = PBXFileReference; fileEncoding = 4; lastKnownFileType = sourcecode.c.h; path = FaceRecognition.h; sourceTree = "<group>"; };
		BB1520131CFC3DF10028C5CB /* FaceRecognition.mm */ = {isa = PBXFileReference; fileEncoding = 4; lastKnownFileType = sourcecode.cpp.objcpp; path = FaceRecognition.mm; sourceTree = "<group>"; };
		BB1520151CFD1FDC0028C5CB /* FaceCollectionViewCell.h */ = {isa = PBXFileReference; fileEncoding = 4; lastKnownFileType = sourcecode.c.h; path = FaceCollectionViewCell.h; sourceTree = "<group>"; };
		BB1520161CFD1FDC0028C5CB /* FaceCollectionViewCell.mm */ = {isa = PBXFileReference; fileEncoding = 4; lastKnownFileType = sourcecode.cpp.objcpp; path = FaceCollectionViewCell.mm; sourceTree = "<group>"; };
		BB1520171CFD1FDC0028C5CB /* FaceCollectionViewCell.xib */ = {isa = PBXFileReference; fileEncoding = 4; lastKnownFileType = file.xib; path = FaceCollectionViewCell.xib; sourceTree = "<group>"; };
		BB1815ED1D0E9A2E00579575 /* SettingsTableViewController.h */ = {isa = PBXFileReference; fileEncoding = 4; lastKnownFileType = sourcecode.c.h; path = SettingsTableViewController.h; sourceTree = "<group>"; };
		BB1815EE1D0E9A2E00579575 /* SettingsTableViewController.m */ = {isa = PBXFileReference; fileEncoding = 4; lastKnownFileType = sourcecode.c.objc; path = SettingsTableViewController.m; sourceTree = "<group>"; };
		BB1815F01D0E9DC500579575 /* SettingsKey.h */ = {isa = PBXFileReference; lastKnownFileType = sourcecode.c.h; path = SettingsKey.h; sourceTree = "<group>"; };
		BB2193A61D0A9EE000F88C64 /* TargetScanView.h */ = {isa = PBXFileReference; fileEncoding = 4; lastKnownFileType = sourcecode.c.h; path = TargetScanView.h; sourceTree = "<group>"; };
		BB2193A71D0A9EE000F88C64 /* TargetScanView.m */ = {isa = PBXFileReference; fileEncoding = 4; lastKnownFileType = sourcecode.c.objc; path = TargetScanView.m; sourceTree = "<group>"; };
		BB2193A91D0A9EED00F88C64 /* TargetScanView.xib */ = {isa = PBXFileReference; fileEncoding = 4; lastKnownFileType = file.xib; path = TargetScanView.xib; sourceTree = "<group>"; };
		BB2193AE1D0AA9CD00F88C64 /* CreateNewContactTableViewController.h */ = {isa = PBXFileReference; fileEncoding = 4; lastKnownFileType = sourcecode.c.h; path = CreateNewContactTableViewController.h; sourceTree = "<group>"; };
		BB2193AF1D0AA9CD00F88C64 /* CreateNewContactTableViewController.m */ = {isa = PBXFileReference; fileEncoding = 4; lastKnownFileType = sourcecode.c.objc; path = CreateNewContactTableViewController.m; sourceTree = "<group>"; };
		BB288B6C1CFAA65000784037 /* OpenCVImageProcessing.h */ = {isa = PBXFileReference; fileEncoding = 4; lastKnownFileType = sourcecode.c.h; path = OpenCVImageProcessing.h; sourceTree = "<group>"; };
		BB288B6D1CFAA65000784037 /* OpenCVImageProcessing.mm */ = {isa = PBXFileReference; fileEncoding = 4; lastKnownFileType = sourcecode.cpp.objcpp; path = OpenCVImageProcessing.mm; sourceTree = "<group>"; };
		BB288B6F1CFACD9F00784037 /* ImageProcessing.h */ = {isa = PBXFileReference; fileEncoding = 4; lastKnownFileType = sourcecode.c.h; path = ImageProcessing.h; sourceTree = "<group>"; };
		BB288B701CFACD9F00784037 /* ImageProcessing.mm */ = {isa = PBXFileReference; fileEncoding = 4; lastKnownFileType = sourcecode.cpp.objcpp; path = ImageProcessing.mm; sourceTree = "<group>"; };
		BB2AD3EC1D0D7A69000BC32A /* UIImage+Resize.h */ = {isa = PBXFileReference; fileEncoding = 4; lastKnownFileType = sourcecode.c.h; name = "UIImage+Resize.h"; path = "../../../Downloads/UIImage-Resize-master-3/UIImage+Resize.h"; sourceTree = "<group>"; };
		BB2AD3ED1D0D7A69000BC32A /* UIImage+Resize.m */ = {isa = PBXFileReference; fileEncoding = 4; lastKnownFileType = sourcecode.c.objc; name = "UIImage+Resize.m"; path = "../../../Downloads/UIImage-Resize-master-3/UIImage+Resize.m"; sourceTree = "<group>"; };
		BB2AD3EF1D0D8B47000BC32A /* RecognitionResult.h */ = {isa = PBXFileReference; fileEncoding = 4; lastKnownFileType = sourcecode.c.h; path = RecognitionResult.h; sourceTree = "<group>"; };
		BB2AD3F01D0D8B47000BC32A /* RecognitionResult.m */ = {isa = PBXFileReference; fileEncoding = 4; lastKnownFileType = sourcecode.c.objc; path = RecognitionResult.m; sourceTree = "<group>"; };
		BB722D471CAFF36400701F03 /* haarcascade_frontalface_alt2.xml */ = {isa = PBXFileReference; fileEncoding = 4; lastKnownFileType = text.xml; path = haarcascade_frontalface_alt2.xml; sourceTree = "<group>"; };
		BB722D491CB119E900701F03 /* FaceRecognition-Bridging-Header.h */ = {isa = PBXFileReference; lastKnownFileType = sourcecode.c.h; path = "FaceRecognition-Bridging-Header.h"; sourceTree = "<group>"; };
		BB722D561CB14ED500701F03 /* VideoFaceDetector.cpp */ = {isa = PBXFileReference; fileEncoding = 4; lastKnownFileType = sourcecode.cpp.cpp; path = VideoFaceDetector.cpp; sourceTree = "<group>"; };
		BB722D571CB14ED500701F03 /* VideoFaceDetector.h */ = {isa = PBXFileReference; fileEncoding = 4; lastKnownFileType = sourcecode.c.h; path = VideoFaceDetector.h; sourceTree = "<group>"; };
		BBA10E931CAA0D1200B74283 /* FaceRecognition.app */ = {isa = PBXFileReference; explicitFileType = wrapper.application; includeInIndex = 0; path = FaceRecognition.app; sourceTree = BUILT_PRODUCTS_DIR; };
		BBA10E971CAA0D1300B74283 /* main.m */ = {isa = PBXFileReference; lastKnownFileType = sourcecode.c.objc; path = main.m; sourceTree = "<group>"; };
		BBA10E991CAA0D1300B74283 /* AppDelegate.h */ = {isa = PBXFileReference; lastKnownFileType = sourcecode.c.h; path = AppDelegate.h; sourceTree = "<group>"; };
		BBA10E9A1CAA0D1300B74283 /* AppDelegate.m */ = {isa = PBXFileReference; lastKnownFileType = sourcecode.c.objc; path = AppDelegate.m; sourceTree = "<group>"; };
		BBA10EA01CAA0D1300B74283 /* Base */ = {isa = PBXFileReference; lastKnownFileType = file.storyboard; name = Base; path = Base.lproj/Main.storyboard; sourceTree = "<group>"; };
		BBA10EA21CAA0D1300B74283 /* Assets.xcassets */ = {isa = PBXFileReference; lastKnownFileType = folder.assetcatalog; path = Assets.xcassets; sourceTree = "<group>"; };
		BBA10EA51CAA0D1300B74283 /* Base */ = {isa = PBXFileReference; lastKnownFileType = file.storyboard; name = Base; path = Base.lproj/LaunchScreen.storyboard; sourceTree = "<group>"; };
		BBA10EA71CAA0D1300B74283 /* Info.plist */ = {isa = PBXFileReference; lastKnownFileType = text.plist.xml; path = Info.plist; sourceTree = "<group>"; };
		BBD3CFC61D055AC300C234F2 /* DetailDetectionFaceViewController.h */ = {isa = PBXFileReference; fileEncoding = 4; lastKnownFileType = sourcecode.c.h; path = DetailDetectionFaceViewController.h; sourceTree = "<group>"; };
		BBD3CFC71D055AC300C234F2 /* DetailDetectionFaceViewController.mm */ = {isa = PBXFileReference; fileEncoding = 4; lastKnownFileType = sourcecode.cpp.objcpp; path = DetailDetectionFaceViewController.mm; sourceTree = "<group>"; };
		BBD3CFC91D05673400C234F2 /* Contact.h */ = {isa = PBXFileReference; fileEncoding = 4; lastKnownFileType = sourcecode.c.h; path = Contact.h; sourceTree = "<group>"; };
		BBD3CFCA1D05673400C234F2 /* Contact.m */ = {isa = PBXFileReference; fileEncoding = 4; lastKnownFileType = sourcecode.c.objc; path = Contact.m; sourceTree = "<group>"; };
		E15F7313E23F7B2455734697 /* Pods-FaceRecognition.release.xcconfig */ = {isa = PBXFileReference; includeInIndex = 1; lastKnownFileType = text.xcconfig; name = "Pods-FaceRecognition.release.xcconfig"; path = "Pods/Target Support Files/Pods-FaceRecognition/Pods-FaceRecognition.release.xcconfig"; sourceTree = "<group>"; };
/* End PBXFileReference section */

/* Begin PBXFrameworksBuildPhase section */
		BBA10E901CAA0D1200B74283 /* Frameworks */ = {
			isa = PBXFrameworksBuildPhase;
			buildActionMask = 2147483647;
			files = (
				BB0BCAA11D0C1ECE00970502 /* Contacts.framework in Frameworks */,
				BB0BCAA21D0C1ECE00970502 /* ContactsUI.framework in Frameworks */,
				57BDD51FA85FB0C48C015A78 /* libPods-FaceRecognition.a in Frameworks */,
			);
			runOnlyForDeploymentPostprocessing = 0;
		};
/* End PBXFrameworksBuildPhase section */

/* Begin PBXGroup section */
		8438D2C530BA9DB960989A5E /* Frameworks */ = {
			isa = PBXGroup;
			children = (
				BB0BCA9F1D0C1ECE00970502 /* Contacts.framework */,
				BB0BCAA01D0C1ECE00970502 /* ContactsUI.framework */,
				1794D07794449E8F09A86DD5 /* libPods-FaceRecognition.a */,
			);
			name = Frameworks;
			sourceTree = "<group>";
		};
		94BAF862E1B256FA4CFBA1F6 /* Pods */ = {
			isa = PBXGroup;
			children = (
				612E8B49CB04E666E58DA26D /* Pods-FaceRecognition.debug.xcconfig */,
				E15F7313E23F7B2455734697 /* Pods-FaceRecognition.release.xcconfig */,
			);
			name = Pods;
			sourceTree = "<group>";
		};
		BBA10E8A1CAA0D1200B74283 = {
			isa = PBXGroup;
			children = (
				BBA10E951CAA0D1300B74283 /* FaceRecognition */,
				BBA10E941CAA0D1200B74283 /* Products */,
				94BAF862E1B256FA4CFBA1F6 /* Pods */,
				8438D2C530BA9DB960989A5E /* Frameworks */,
			);
			sourceTree = "<group>";
		};
		BBA10E941CAA0D1200B74283 /* Products */ = {
			isa = PBXGroup;
			children = (
				BBA10E931CAA0D1200B74283 /* FaceRecognition.app */,
			);
			name = Products;
			sourceTree = "<group>";
		};
		BBA10E951CAA0D1300B74283 /* FaceRecognition */ = {
			isa = PBXGroup;
			children = (
				BB2AD3EC1D0D7A69000BC32A /* UIImage+Resize.h */,
				BB2AD3ED1D0D7A69000BC32A /* UIImage+Resize.m */,
				BB722D561CB14ED500701F03 /* VideoFaceDetector.cpp */,
				BB722D571CB14ED500701F03 /* VideoFaceDetector.h */,
				BB722D471CAFF36400701F03 /* haarcascade_frontalface_alt2.xml */,
				BBA10E991CAA0D1300B74283 /* AppDelegate.h */,
				BBA10E9A1CAA0D1300B74283 /* AppDelegate.m */,
				BB0B5ED51CF9137700F13EE7 /* PCAViewController.h */,
				BB0B5ED61CF9137700F13EE7 /* PCAViewController.mm */,
				BB039A031CF9C8B3008C9BAF /* CameraViewController.h */,
				BB039A041CF9C8B3008C9BAF /* CameraViewController.mm */,
				BB288B6C1CFAA65000784037 /* OpenCVImageProcessing.h */,
				BB288B6D1CFAA65000784037 /* OpenCVImageProcessing.mm */,
				BB15200F1CFC2ACF0028C5CB /* FaceDetector.h */,
				BB1520101CFC2ACF0028C5CB /* FaceDetector.mm */,
				BB1520121CFC3DF10028C5CB /* FaceRecognition.h */,
				BB1520131CFC3DF10028C5CB /* FaceRecognition.mm */,
				BB2AD3EF1D0D8B47000BC32A /* RecognitionResult.h */,
				BB2AD3F01D0D8B47000BC32A /* RecognitionResult.m */,
				BB288B6F1CFACD9F00784037 /* ImageProcessing.h */,
				BB288B701CFACD9F00784037 /* ImageProcessing.mm */,
				BB0ED37B1D002A2200CE4651 /* OrientationDevice.h */,
				BB0ED37C1D002A2200CE4651 /* OrientationDevice.mm */,
				BB0ED3811D0037FA00CE4651 /* GradientView.h */,
				BB0ED3821D0037FA00CE4651 /* GradientView.m */,
				BB1520151CFD1FDC0028C5CB /* FaceCollectionViewCell.h */,
				BB1520161CFD1FDC0028C5CB /* FaceCollectionViewCell.mm */,
				BB1520171CFD1FDC0028C5CB /* FaceCollectionViewCell.xib */,
				BB15200C1CFC281E0028C5CB /* Face.h */,
				BB15200D1CFC281E0028C5CB /* Face.mm */,
				BB2193AE1D0AA9CD00F88C64 /* CreateNewContactTableViewController.h */,
				BB2193AF1D0AA9CD00F88C64 /* CreateNewContactTableViewController.m */,
				BB0ED37E1D002BFE00CE4651 /* DetectFace.h */,
				BB0ED37F1D002BFE00CE4651 /* DetectFace.m */,
				BBD3CFC61D055AC300C234F2 /* DetailDetectionFaceViewController.h */,
				BBD3CFC71D055AC300C234F2 /* DetailDetectionFaceViewController.mm */,
				BBD3CFC91D05673400C234F2 /* Contact.h */,
				BBD3CFCA1D05673400C234F2 /* Contact.m */,
				BB2193A61D0A9EE000F88C64 /* TargetScanView.h */,
				BB2193A71D0A9EE000F88C64 /* TargetScanView.m */,
				BB0BCA971D0C1D2600970502 /* ContactsViewController.h */,
				BB0BCA981D0C1D2600970502 /* ContactsViewController.m */,
				BB0BCAA61D0C2D8A00970502 /* ContactManager.h */,
				BB0BCAA71D0C2D8A00970502 /* ContactManager.m */,
				BB0BCAA31D0C1F9700970502 /* ContactModel.h */,
				BB0BCAA41D0C1F9700970502 /* ContactModel.m */,
				BB0BCA9A1D0C1E1700970502 /* ContactCollectionViewCell.h */,
				BB0BCA9B1D0C1E1700970502 /* ContactCollectionViewCell.m */,
				BB0BCAA91D0D545200970502 /* ProcessingRecognitionTableViewController.h */,
				BB0BCAAA1D0D545200970502 /* ProcessingRecognitionTableViewController.mm */,
				BB0BCAAC1D0D5CCC00970502 /* SelectContactViewController.h */,
				BB0BCAAD1D0D5CCC00970502 /* SelectContactViewController.m */,
				BB0BCA9C1D0C1E1700970502 /* ContactCollectionViewCell.xib */,
				BB0BCAAF1D0D60B600970502 /* FaceContact.h */,
				BB0BCAB01D0D60B600970502 /* FaceContact.m */,
				BB1815ED1D0E9A2E00579575 /* SettingsTableViewController.h */,
				BB1815EE1D0E9A2E00579575 /* SettingsTableViewController.m */,
				BB2193A91D0A9EED00F88C64 /* TargetScanView.xib */,
				BBA10E9F1CAA0D1300B74283 /* Main.storyboard */,
				BBA10EA21CAA0D1300B74283 /* Assets.xcassets */,
				BBA10EA41CAA0D1300B74283 /* LaunchScreen.storyboard */,
				BBA10EA71CAA0D1300B74283 /* Info.plist */,
				BBA10E961CAA0D1300B74283 /* Supporting Files */,
				BB722D491CB119E900701F03 /* FaceRecognition-Bridging-Header.h */,
				BB1815F01D0E9DC500579575 /* SettingsKey.h */,
			);
			path = FaceRecognition;
			sourceTree = "<group>";
		};
		BBA10E961CAA0D1300B74283 /* Supporting Files */ = {
			isa = PBXGroup;
			children = (
				BBA10E971CAA0D1300B74283 /* main.m */,
			);
			name = "Supporting Files";
			sourceTree = "<group>";
		};
/* End PBXGroup section */

/* Begin PBXNativeTarget section */
		BBA10E921CAA0D1200B74283 /* FaceRecognition */ = {
			isa = PBXNativeTarget;
			buildConfigurationList = BBA10EAA1CAA0D1300B74283 /* Build configuration list for PBXNativeTarget "FaceRecognition" */;
			buildPhases = (
				036E7BE3008CB1C6B0FA0069 /* 📦 Check Pods Manifest.lock */,
				BBA10E8F1CAA0D1200B74283 /* Sources */,
				BBA10E901CAA0D1200B74283 /* Frameworks */,
				BBA10E911CAA0D1200B74283 /* Resources */,
				D1FC20A46F28FD9E9EABF292 /* 📦 Embed Pods Frameworks */,
				C1ADF976788630FB9A66BF05 /* 📦 Copy Pods Resources */,
			);
			buildRules = (
			);
			dependencies = (
			);
			name = FaceRecognition;
			productName = FaceRecognition;
			productReference = BBA10E931CAA0D1200B74283 /* FaceRecognition.app */;
			productType = "com.apple.product-type.application";
		};
/* End PBXNativeTarget section */

/* Begin PBXProject section */
		BBA10E8B1CAA0D1200B74283 /* Project object */ = {
			isa = PBXProject;
			attributes = {
				LastUpgradeCheck = 0730;
				ORGANIZATIONNAME = "Remi Robert";
				TargetAttributes = {
					BBA10E921CAA0D1200B74283 = {
						CreatedOnToolsVersion = 7.3;
					};
				};
			};
			buildConfigurationList = BBA10E8E1CAA0D1200B74283 /* Build configuration list for PBXProject "FaceRecognition" */;
			compatibilityVersion = "Xcode 3.2";
			developmentRegion = English;
			hasScannedForEncodings = 0;
			knownRegions = (
				en,
				Base,
			);
			mainGroup = BBA10E8A1CAA0D1200B74283;
			productRefGroup = BBA10E941CAA0D1200B74283 /* Products */;
			projectDirPath = "";
			projectRoot = "";
			targets = (
				BBA10E921CAA0D1200B74283 /* FaceRecognition */,
			);
		};
/* End PBXProject section */

/* Begin PBXResourcesBuildPhase section */
		BBA10E911CAA0D1200B74283 /* Resources */ = {
			isa = PBXResourcesBuildPhase;
			buildActionMask = 2147483647;
			files = (
				BB0BCA9E1D0C1E1700970502 /* ContactCollectionViewCell.xib in Resources */,
				BBA10EA61CAA0D1300B74283 /* LaunchScreen.storyboard in Resources */,
				BBA10EA31CAA0D1300B74283 /* Assets.xcassets in Resources */,
				BB1520191CFD1FDC0028C5CB /* FaceCollectionViewCell.xib in Resources */,
				BB722D481CAFF36400701F03 /* haarcascade_frontalface_alt2.xml in Resources */,
				BBA10EA11CAA0D1300B74283 /* Main.storyboard in Resources */,
				BB2193AA1D0A9EED00F88C64 /* TargetScanView.xib in Resources */,
			);
			runOnlyForDeploymentPostprocessing = 0;
		};
/* End PBXResourcesBuildPhase section */

/* Begin PBXShellScriptBuildPhase section */
		036E7BE3008CB1C6B0FA0069 /* 📦 Check Pods Manifest.lock */ = {
			isa = PBXShellScriptBuildPhase;
			buildActionMask = 2147483647;
			files = (
			);
			inputPaths = (
			);
			name = "📦 Check Pods Manifest.lock";
			outputPaths = (
			);
			runOnlyForDeploymentPostprocessing = 0;
			shellPath = /bin/sh;
			shellScript = "diff \"${PODS_ROOT}/../Podfile.lock\" \"${PODS_ROOT}/Manifest.lock\" > /dev/null\nif [[ $? != 0 ]] ; then\n    cat << EOM\nerror: The sandbox is not in sync with the Podfile.lock. Run 'pod install' or update your CocoaPods installation.\nEOM\n    exit 1\nfi\n";
			showEnvVarsInLog = 0;
		};
		C1ADF976788630FB9A66BF05 /* 📦 Copy Pods Resources */ = {
			isa = PBXShellScriptBuildPhase;
			buildActionMask = 2147483647;
			files = (
			);
			inputPaths = (
			);
			name = "📦 Copy Pods Resources";
			outputPaths = (
			);
			runOnlyForDeploymentPostprocessing = 0;
			shellPath = /bin/sh;
			shellScript = "\"${SRCROOT}/Pods/Target Support Files/Pods-FaceRecognition/Pods-FaceRecognition-resources.sh\"\n";
			showEnvVarsInLog = 0;
		};
		D1FC20A46F28FD9E9EABF292 /* 📦 Embed Pods Frameworks */ = {
			isa = PBXShellScriptBuildPhase;
			buildActionMask = 2147483647;
			files = (
			);
			inputPaths = (
			);
			name = "📦 Embed Pods Frameworks";
			outputPaths = (
			);
			runOnlyForDeploymentPostprocessing = 0;
			shellPath = /bin/sh;
			shellScript = "\"${SRCROOT}/Pods/Target Support Files/Pods-FaceRecognition/Pods-FaceRecognition-frameworks.sh\"\n";
			showEnvVarsInLog = 0;
		};
/* End PBXShellScriptBuildPhase section */

/* Begin PBXSourcesBuildPhase section */
		BBA10E8F1CAA0D1200B74283 /* Sources */ = {
			isa = PBXSourcesBuildPhase;
			buildActionMask = 2147483647;
			files = (
				BB1815EF1D0E9A2E00579575 /* SettingsTableViewController.m in Sources */,
				BBD3CFCB1D05673400C234F2 /* Contact.m in Sources */,
				BB0ED3801D002BFE00CE4651 /* DetectFace.m in Sources */,
				BB1520111CFC2ACF0028C5CB /* FaceDetector.mm in Sources */,
				BB15200E1CFC281E0028C5CB /* Face.mm in Sources */,
				BB0BCAAB1D0D545200970502 /* ProcessingRecognitionTableViewController.mm in Sources */,
				BB0BCA991D0C1D2600970502 /* ContactsViewController.m in Sources */,
				BB039A051CF9C8B3008C9BAF /* CameraViewController.mm in Sources */,
				BB288B6E1CFAA65000784037 /* OpenCVImageProcessing.mm in Sources */,
				BB0BCAB11D0D60B600970502 /* FaceContact.m in Sources */,
				BB288B711CFACD9F00784037 /* ImageProcessing.mm in Sources */,
				BB0B5ED71CF9137700F13EE7 /* PCAViewController.mm in Sources */,
				BB0BCAA51D0C1F9700970502 /* ContactModel.m in Sources */,
				BB0BCAAE1D0D5CCC00970502 /* SelectContactViewController.m in Sources */,
				BB0ED37D1D002A2200CE4651 /* OrientationDevice.mm in Sources */,
				BBA10E9B1CAA0D1300B74283 /* AppDelegate.m in Sources */,
				BB0BCAA81D0C2D8A00970502 /* ContactManager.m in Sources */,
				BB2AD3F11D0D8B47000BC32A /* RecognitionResult.m in Sources */,
				BB1520181CFD1FDC0028C5CB /* FaceCollectionViewCell.mm in Sources */,
				BB722D581CB14ED500701F03 /* VideoFaceDetector.cpp in Sources */,
				BB1520141CFC3DF10028C5CB /* FaceRecognition.mm in Sources */,
				BB0ED3831D0037FA00CE4651 /* GradientView.m in Sources */,
				BBA10E981CAA0D1300B74283 /* main.m in Sources */,
				BB2193B01D0AA9CD00F88C64 /* CreateNewContactTableViewController.m in Sources */,
				BB0BCA9D1D0C1E1700970502 /* ContactCollectionViewCell.m in Sources */,
				BB2AD3EE1D0D7A69000BC32A /* UIImage+Resize.m in Sources */,
				BB2193A81D0A9EE000F88C64 /* TargetScanView.m in Sources */,
				BBD3CFC81D055AC300C234F2 /* DetailDetectionFaceViewController.mm in Sources */,
			);
			runOnlyForDeploymentPostprocessing = 0;
		};
/* End PBXSourcesBuildPhase section */

/* Begin PBXVariantGroup section */
		BBA10E9F1CAA0D1300B74283 /* Main.storyboard */ = {
			isa = PBXVariantGroup;
			children = (
				BBA10EA01CAA0D1300B74283 /* Base */,
			);
			name = Main.storyboard;
			sourceTree = "<group>";
		};
		BBA10EA41CAA0D1300B74283 /* LaunchScreen.storyboard */ = {
			isa = PBXVariantGroup;
			children = (
				BBA10EA51CAA0D1300B74283 /* Base */,
			);
			name = LaunchScreen.storyboard;
			sourceTree = "<group>";
		};
/* End PBXVariantGroup section */

/* Begin XCBuildConfiguration section */
		BBA10EA81CAA0D1300B74283 /* Debug */ = {
			isa = XCBuildConfiguration;
			buildSettings = {
				ALWAYS_SEARCH_USER_PATHS = NO;
				CLANG_ANALYZER_NONNULL = YES;
				CLANG_CXX_LANGUAGE_STANDARD = "gnu++0x";
				CLANG_CXX_LIBRARY = "libc++";
				CLANG_ENABLE_MODULES = YES;
				CLANG_ENABLE_OBJC_ARC = YES;
				CLANG_WARN_BOOL_CONVERSION = YES;
				CLANG_WARN_CONSTANT_CONVERSION = YES;
				CLANG_WARN_DIRECT_OBJC_ISA_USAGE = YES_ERROR;
				CLANG_WARN_EMPTY_BODY = YES;
				CLANG_WARN_ENUM_CONVERSION = YES;
				CLANG_WARN_INT_CONVERSION = YES;
				CLANG_WARN_OBJC_ROOT_CLASS = YES_ERROR;
				CLANG_WARN_UNREACHABLE_CODE = YES;
				CLANG_WARN__DUPLICATE_METHOD_MATCH = YES;
				"CODE_SIGN_IDENTITY[sdk=iphoneos*]" = "iPhone Developer";
				COPY_PHASE_STRIP = NO;
				DEBUG_INFORMATION_FORMAT = dwarf;
				ENABLE_STRICT_OBJC_MSGSEND = YES;
				ENABLE_TESTABILITY = YES;
				GCC_C_LANGUAGE_STANDARD = gnu99;
				GCC_DYNAMIC_NO_PIC = NO;
				GCC_NO_COMMON_BLOCKS = YES;
				GCC_OPTIMIZATION_LEVEL = 0;
				GCC_PREPROCESSOR_DEFINITIONS = (
					"DEBUG=1",
					"$(inherited)",
				);
				GCC_WARN_64_TO_32_BIT_CONVERSION = YES;
				GCC_WARN_ABOUT_RETURN_TYPE = YES_ERROR;
				GCC_WARN_UNDECLARED_SELECTOR = YES;
				GCC_WARN_UNINITIALIZED_AUTOS = YES_AGGRESSIVE;
				GCC_WARN_UNUSED_FUNCTION = YES;
				GCC_WARN_UNUSED_VARIABLE = YES;
				IPHONEOS_DEPLOYMENT_TARGET = 9.3;
				MTL_ENABLE_DEBUG_INFO = YES;
				ONLY_ACTIVE_ARCH = YES;
				SDKROOT = iphoneos;
				TARGETED_DEVICE_FAMILY = "1,2";
			};
			name = Debug;
		};
		BBA10EA91CAA0D1300B74283 /* Release */ = {
			isa = XCBuildConfiguration;
			buildSettings = {
				ALWAYS_SEARCH_USER_PATHS = NO;
				CLANG_ANALYZER_NONNULL = YES;
				CLANG_CXX_LANGUAGE_STANDARD = "gnu++0x";
				CLANG_CXX_LIBRARY = "libc++";
				CLANG_ENABLE_MODULES = YES;
				CLANG_ENABLE_OBJC_ARC = YES;
				CLANG_WARN_BOOL_CONVERSION = YES;
				CLANG_WARN_CONSTANT_CONVERSION = YES;
				CLANG_WARN_DIRECT_OBJC_ISA_USAGE = YES_ERROR;
				CLANG_WARN_EMPTY_BODY = YES;
				CLANG_WARN_ENUM_CONVERSION = YES;
				CLANG_WARN_INT_CONVERSION = YES;
				CLANG_WARN_OBJC_ROOT_CLASS = YES_ERROR;
				CLANG_WARN_UNREACHABLE_CODE = YES;
				CLANG_WARN__DUPLICATE_METHOD_MATCH = YES;
				"CODE_SIGN_IDENTITY[sdk=iphoneos*]" = "iPhone Developer";
				COPY_PHASE_STRIP = NO;
				DEBUG_INFORMATION_FORMAT = "dwarf-with-dsym";
				ENABLE_NS_ASSERTIONS = NO;
				ENABLE_STRICT_OBJC_MSGSEND = YES;
				GCC_C_LANGUAGE_STANDARD = gnu99;
				GCC_NO_COMMON_BLOCKS = YES;
				GCC_WARN_64_TO_32_BIT_CONVERSION = YES;
				GCC_WARN_ABOUT_RETURN_TYPE = YES_ERROR;
				GCC_WARN_UNDECLARED_SELECTOR = YES;
				GCC_WARN_UNINITIALIZED_AUTOS = YES_AGGRESSIVE;
				GCC_WARN_UNUSED_FUNCTION = YES;
				GCC_WARN_UNUSED_VARIABLE = YES;
				IPHONEOS_DEPLOYMENT_TARGET = 9.3;
				MTL_ENABLE_DEBUG_INFO = NO;
				SDKROOT = iphoneos;
				TARGETED_DEVICE_FAMILY = "1,2";
				VALIDATE_PRODUCT = YES;
			};
			name = Release;
		};
		BBA10EAB1CAA0D1300B74283 /* Debug */ = {
			isa = XCBuildConfiguration;
			baseConfigurationReference = 612E8B49CB04E666E58DA26D /* Pods-FaceRecognition.debug.xcconfig */;
			buildSettings = {
				ASSETCATALOG_COMPILER_APPICON_NAME = AppIcon;
				CLANG_ENABLE_MODULES = YES;
				ENABLE_BITCODE = NO;
				INFOPLIST_FILE = FaceRecognition/Info.plist;
				LD_RUNPATH_SEARCH_PATHS = "$(inherited) @executable_path/Frameworks";
				PRODUCT_BUNDLE_IDENTIFIER = com.remirobert.FaceRecognition;
				PRODUCT_NAME = "$(TARGET_NAME)";
				SWIFT_OBJC_BRIDGING_HEADER = "FaceRecognition/FaceRecognition-Bridging-Header.h";
				SWIFT_OPTIMIZATION_LEVEL = "-Onone";
				TARGETED_DEVICE_FAMILY = "1,2";
			};
			name = Debug;
		};
		BBA10EAC1CAA0D1300B74283 /* Release */ = {
			isa = XCBuildConfiguration;
			baseConfigurationReference = E15F7313E23F7B2455734697 /* Pods-FaceRecognition.release.xcconfig */;
			buildSettings = {
				ASSETCATALOG_COMPILER_APPICON_NAME = AppIcon;
				CLANG_ENABLE_MODULES = YES;
				ENABLE_BITCODE = NO;
				INFOPLIST_FILE = FaceRecognition/Info.plist;
				LD_RUNPATH_SEARCH_PATHS = "$(inherited) @executable_path/Frameworks";
				PRODUCT_BUNDLE_IDENTIFIER = com.remirobert.FaceRecognition;
				PRODUCT_NAME = "$(TARGET_NAME)";
				SWIFT_OBJC_BRIDGING_HEADER = "FaceRecognition/FaceRecognition-Bridging-Header.h";
				TARGETED_DEVICE_FAMILY = "1,2";
			};
			name = Release;
		};
/* End XCBuildConfiguration section */

/* Begin XCConfigurationList section */
		BBA10E8E1CAA0D1200B74283 /* Build configuration list for PBXProject "FaceRecognition" */ = {
			isa = XCConfigurationList;
			buildConfigurations = (
				BBA10EA81CAA0D1300B74283 /* Debug */,
				BBA10EA91CAA0D1300B74283 /* Release */,
			);
			defaultConfigurationIsVisible = 0;
			defaultConfigurationName = Release;
		};
		BBA10EAA1CAA0D1300B74283 /* Build configuration list for PBXNativeTarget "FaceRecognition" */ = {
			isa = XCConfigurationList;
			buildConfigurations = (
				BBA10EAB1CAA0D1300B74283 /* Debug */,
				BBA10EAC1CAA0D1300B74283 /* Release */,
			);
			defaultConfigurationIsVisible = 0;
			defaultConfigurationName = Release;
		};
/* End XCConfigurationList section */
	};
	rootObject = BBA10E8B1CAA0D1200B74283 /* Project object */;
}
